{
 "name": "@igorkowalczyk/countdown.js",
 "version": "0.0.3",
 "lockfileVersion": 1,
 "requires": true,
 "dependencies": {
  "@types/node": {
   "version": "14.17.2",
   "resolved": "https://registry.npmjs.org/@types/node/-/node-14.17.2.tgz",
   "integrity": "sha512-sld7b/xmFum66AAKuz/rp/CUO8+98fMpyQ3SBfzzBNGMd/1iHBTAg9oyAvcYlAj46bpc74r91jSw2iFdnx29nw==",
   "dev": true
  },
  "@types/tape": {
   "version": "4.13.0",
   "resolved": "https://registry.npmjs.org/@types/tape/-/tape-4.13.0.tgz",
   "integrity": "sha512-0V8cKowBdsiA9nbxAg7531sF2cdPZNiUogcfIUeUGm+bejUBE/bvibz3rH36iQP9bQjO/sOzFwU97/uC5mCyoA==",
   "dev": true,
   "requires": {
    "@types/node": "*"
   }
  },
  "@zeit/ncc": {
   "version": "0.22.3",
   "resolved": "https://registry.npmjs.org/@zeit/ncc/-/ncc-0.22.3.tgz",
   "integrity": "sha512-jnCLpLXWuw/PAiJiVbLjA8WBC0IJQbFeUwF4I9M+23MvIxTxk5pD4Q8byQBSPmHQjz5aBoA7AKAElQxMpjrCLQ==",
   "dev": true
  },
  "mitt": {
   "version": "2.1.0",
   "resolved": "https://registry.npmjs.org/mitt/-/mitt-2.1.0.tgz",
   "integrity": "sha512-ILj2TpLiysu2wkBbWjAmww7TkZb65aiQO+DkVdUTBpBXq+MHYiETENkKFMtsJZX1Lf4pe4QOrTSjIfUwN5lRdg=="
  },
  "prettier": {
   "version": "2.3.1",
   "resolved": "https://registry.npmjs.org/prettier/-/prettier-2.3.1.tgz",
   "integrity": "sha512-p+vNbgpLjif/+D+DwAZAbndtRrR0md0MwfmOVN9N+2RgyACMT+7tfaRnT+WDPkqnuVwleyuBIG2XBxKDme3hPA==",
   "dev": true
  },
  "typescript": {
   "version": "4.3.2",
   "resolved": "https://registry.npmjs.org/typescript/-/typescript-4.3.2.tgz",
   "integrity": "sha512-zZ4hShnmnoVnAHpVHWpTcxdv7dWP60S2FsydQLV8V5PbS3FifjWFFRiHSWpDJahly88PRyV5teTSLoq4eG7mKw==",
   "dev": true
  }
 }
}
